{
    "_meta": {
        "hash": {
            "sha256": "4902a025a2d13e6c46c1825c401d5e11e05b5a82851c4a02b1c3b33e1bd4c8e4"
        },
        "pipfile-spec": 6,
        "requires": {
            "python_version": "3.6"
        },
        "sources": [
            {
                "name": "pypi",
                "url": "https://pypi.python.org/simple",
                "verify_ssl": true
            }
        ]
    },
    "default": {
        "bcrypt": {
            "hashes": [
                "sha256:0a1fa5e8bad38ead75819fe82d1c9dbb682a972848639df3d70329fa24e1eed4",
                "sha256:12ec763e3d0bed4e2c21708a5002d7d1e478e84773d8d70555509a3208bb2099",
                "sha256:21ae97098f187a40b7f64a359a794ecb5e6bfe7f6b358d0e3033081b43d406ed",
                "sha256:26bad7f8010ccb029990f1103fb3686cdde098408de4855a2a286b07b96aef83",
                "sha256:3322a5be544d07ef8ee138a675653f3d7722f8beeb391fa04a228dfb4b35fd29",
                "sha256:3f96bd5dfb5a0062c5bcac93b37c84edcd1d594bc7c5e2d8680aa60fb6f4f546",
                "sha256:457bae2b268940792c58da6dfdbbb763a6b32d9729f273dbcbf7c41364727014",
                "sha256:467a0ab2a23ca384d2a068a040409c8c4ba173335cd73158cb0a61b3c67fcb41",
                "sha256:4c471a572d40e7809e31048e8e15437e8799240f6eba9164d1e60ea61604bf93",
                "sha256:518bf3c6bc0f3fc9f273f66fc4f2fcbbfc40b0080ceb00fb4016a62531e15e30",
                "sha256:540c9aecfaab41a68e012f8b1ffc280c29a60689a6181e06c4bc473f7382e953",
                "sha256:63b67f6be04035c351f4db9ba0c1317c4a8acac6c647cc02755f342171bdc234",
                "sha256:67ab148cc67310e6eb4455ed1751b8a8fd0e63be8227123a5d199c5233355ded",
                "sha256:6a5ed44eab27e7db0c04525430b84dbffa4ddaf4df113d54a18c8f1c53b95fa8",
                "sha256:7044e2c0a4e0378d4b945490124bed740cf864402f5686dbbefb78e8093ffbb6",
                "sha256:78003c6793e07afbd8a7cce89c8c5b923eb511a8e2bdc837e59cca11cd31a7ea",
                "sha256:7d403d74183eb957f34ca331a5d05d4475d7993042419dfd3bfd3f8eb40b98d1",
                "sha256:7db3949fbf42f544aae49b5559f333aa1473d84a712f085a27927bc18bdf53ba",
                "sha256:8da0578982a6c1039a02f7f9ccfff2a92ea378b1c304e1b21c6219509fc4e8f1",
                "sha256:b63349c7dca58de68841ababc92d67586bd74a02d3bdeded40ff3c624dee1d1b",
                "sha256:bdfed3d16907dccec91547cdc8aa473908e9562da342ad16026c0bf97ba867f0",
                "sha256:c9a3d44c3b13c6a1fb209663f6f06c04e41f2e8c4ac040ce51ddd019dc06ef09",
                "sha256:ca31f7c36a646fe41fd38263bc1e45b46955bd638aba717183a23279b7e10b2c",
                "sha256:d0fab32ab20677c2c8b06a8d8745bcfd45df73680c0f8ee6c5c80e007d830d8d",
                "sha256:d33967627e5f7d777b0e1bccf7aab2587058517d18ddc5b388b2652902511203",
                "sha256:d43dda44ae1c3d50eddd54029ae1e3e2a2a2734d7e71eb94c66a72f640b1ac4b",
                "sha256:e2b779a29b51d2c80f408f36c77de55d040301a11c7ab96ef9af7797552572bf",
                "sha256:e54820d8b9eff357d1003f5b8d4b949a632b76b89610d8a933783fd476033ebe",
                "sha256:e6b3c90908a740ce9cc0a0d7d55ae38602e64b226a0658581ea481c822c82fcf",
                "sha256:ef8b9d5883611ffe2428d40dcf65ab86b8d92afdd6d01e79594b10a710d724af",
                "sha256:f9fc357289d198da42c347c93310d649c3a69cba5d068dee21321e95c560a94e"
            ],
            "index": "pypi",
            "version": "==3.1"
        },
        "certifi": {
            "hashes": [
                "sha256:e4f3620cfea4f83eedc95b24abd9cd56f3c4b146dd0177e83a21b4eb49e21e50",
                "sha256:fd7c7c74727ddcf00e9acd26bba8da604ffec95bf1c2144e67aff7a8b50e6cef"
            ],
            "version": "==2019.9.11"
        },
        "cffi": {
            "hashes": [
                "sha256:00d890313797d9fe4420506613384b43099ad7d2b905c0752dbcc3a6f14d80fa",
                "sha256:0cf9e550ac6c5e57b713437e2f4ac2d7fd0cd10336525a27224f5fc1ec2ee59a",
                "sha256:0ea23c9c0cdd6778146a50d867d6405693ac3b80a68829966c98dd5e1bbae400",
                "sha256:193697c2918ecdb3865acf6557cddf5076bb39f1f654975e087b67efdff83365",
                "sha256:1ae14b542bf3b35e5229439c35653d2ef7d8316c1fffb980f9b7647e544baa98",
                "sha256:1e389e069450609c6ffa37f21f40cce36f9be7643bbe5051ab1de99d5a779526",
                "sha256:263242b6ace7f9cd4ea401428d2d45066b49a700852334fd55311bde36dcda14",
                "sha256:33142ae9807665fa6511cfa9857132b2c3ee6ddffb012b3f0933fc11e1e830d5",
                "sha256:364f8404034ae1b232335d8c7f7b57deac566f148f7222cef78cf8ae28ef764e",
                "sha256:47368f69fe6529f8f49a5d146ddee713fc9057e31d61e8b6dc86a6a5e38cecc1",
                "sha256:4895640844f17bec32943995dc8c96989226974dfeb9dd121cc45d36e0d0c434",
                "sha256:558b3afef987cf4b17abd849e7bedf64ee12b28175d564d05b628a0f9355599b",
                "sha256:5ba86e1d80d458b338bda676fd9f9d68cb4e7a03819632969cf6d46b01a26730",
                "sha256:63424daa6955e6b4c70dc2755897f5be1d719eabe71b2625948b222775ed5c43",
                "sha256:6381a7d8b1ebd0bc27c3bc85bc1bfadbb6e6f756b4d4db0aa1425c3719ba26b4",
                "sha256:6381ab708158c4e1639da1f2a7679a9bbe3e5a776fc6d1fd808076f0e3145331",
                "sha256:6fd58366747debfa5e6163ada468a90788411f10c92597d3b0a912d07e580c36",
                "sha256:728ec653964655d65408949b07f9b2219df78badd601d6c49e28d604efe40599",
                "sha256:7cfcfda59ef1f95b9f729c56fe8a4041899f96b72685d36ef16a3440a0f85da8",
                "sha256:819f8d5197c2684524637f940445c06e003c4a541f9983fd30d6deaa2a5487d8",
                "sha256:825ecffd9574557590e3225560a8a9d751f6ffe4a49e3c40918c9969b93395fa",
                "sha256:9009e917d8f5ef780c2626e29b6bc126f4cb2a4d43ca67aa2b40f2a5d6385e78",
                "sha256:9c77564a51d4d914ed5af096cd9843d90c45b784b511723bd46a8a9d09cf16fc",
                "sha256:a19089fa74ed19c4fe96502a291cfdb89223a9705b1d73b3005df4256976142e",
                "sha256:a40ed527bffa2b7ebe07acc5a3f782da072e262ca994b4f2085100b5a444bbb2",
                "sha256:bb75ba21d5716abc41af16eac1145ab2e471deedde1f22c6f99bd9f995504df0",
                "sha256:e22a00c0c81ffcecaf07c2bfb3672fa372c50e2bd1024ffee0da191c1b27fc71",
                "sha256:e55b5a746fb77f10c83e8af081979351722f6ea48facea79d470b3731c7b2891",
                "sha256:ec2fa3ee81707a5232bf2dfbd6623fdb278e070d596effc7e2d788f2ada71a05",
                "sha256:fd82eb4694be712fcae03c717ca2e0fc720657ac226b80bbb597e971fc6928c2"
            ],
            "version": "==1.13.1"
        },
        "chardet": {
            "hashes": [
                "sha256:84ab92ed1c4d4f16916e05906b6b75a6c0fb5db821cc65e70cbd64a3e2a5eaae",
                "sha256:fc323ffcaeaed0e0a02bf4d117757b98aed530d9ed4531e3e15460124c106691"
            ],
            "version": "==3.0.4"
        },
        "click": {
            "hashes": [
                "sha256:2335065e6395b9e67ca716de5f7526736bfa6ceead690adf616d925bdc622b13",
                "sha256:5b94b49521f6456670fdb30cd82a4eca9412788a93fa6dd6df72c94d5a8ff2d7"
            ],
            "version": "==7.0"
        },
        "idna": {
            "hashes": [
                "sha256:3cb5ce08046c4e3a560fc02f138d0ac63e00f8ce5901a56b32ec8b7994082aab",
                "sha256:cc19709fd6d0cbfed39ea875d29ba6d4e22c0cebc510a76d6302a28385e8bb70"
            ],
            "version": "==2.5"
        },
        "peewee": {
            "hashes": [
                "sha256:34000900eedfcce5a38eb84d8d197f41a537e10a36419aba0c407215dd87afeb"
            ],
            "index": "pypi",
            "version": "==3.2"
        },
        "pillow": {
            "hashes": [
                "sha256:00fdeb23820f30e43bba78eb9abb00b7a937a655de7760b2e09101d63708b64e",
                "sha256:01f948e8220c85eae1aa1a7f8edddcec193918f933fb07aaebe0bfbbcffefbf1",
                "sha256:08abf39948d4b5017a137be58f1a52b7101700431f0777bec3d897c3949f74e6",
                "sha256:099a61618b145ecb50c6f279666bbc398e189b8bc97544ae32b8fcb49ad6b830",
                "sha256:2c1c61546e73de62747e65807d2cc4980c395d4c5600ecb1f47a650c6fa78c79",
                "sha256:2ed9c4f694861642401f27dc3cb99772be67cd190e84845c749dae0a06c3bfae",
                "sha256:338581b30b908e111be578f0297255f6b57a51358cd16fa0e6f664c9a1f88bff",
                "sha256:38c7d48a21cd06fdeee93987147b9b1c55b73b4cfcbf83240568bfbd5adee447",
                "sha256:43fd026f613c8e48a25eba1a92f4d2ad7f3903c95d8c33a11611a7717d2ab654",
                "sha256:4548236844327a718ce3bb182ab32a16fa2050c61e334e959f554cac052fb0df",
                "sha256:5090857876c58885cfa388dc649e5db30aae98a068c26f3fd0ac9d7d9a4d9572",
                "sha256:5bbba34f97a26a93f5e8dec469ca4ddd712451418add43da946dbaed7f7a98d2",
                "sha256:65a28969a025a0eb4594637b6103201dc4ed2a9508bdab56ac33e43e3081c404",
                "sha256:892bb52b70bd5ea9dbbc3ac44f38e84f5a04e9d8b1bff48159d96cb795b81159",
                "sha256:8a9becd5cbd5062f973bcd2e7bc79483af310222de112b6541f8af1f93a3cc42",
                "sha256:972a7aaeb7c4a2795b52eef52ee991ef040b31009f36deca6207a986607b55f3",
                "sha256:97b119c436bfa96a92ac2ca525f7025836d4d4e64b1c9f9eff8dbaf3ff1d86f3",
                "sha256:9ba37698e242223f8053cc158f130aee046a96feacbeab65893dbe94f5530118",
                "sha256:b1b0e1f626a0f079c0d3696db70132fb1f29aa87c66aecb6501a9b8be64ce9f7",
                "sha256:c14c1224fd1a5be2733530d648a316974dbbb3c946913562c6005a76f21ca042",
                "sha256:c79a8546c48ae6465189e54e3245a97ddf21161e33ff7eaa42787353417bb2b6",
                "sha256:ceb76935ac4ebdf6d7bc845482a4450b284c6ccfb281e34da51d510658ab34d8",
                "sha256:e22bffaad04b4d16e1c091baed7f2733fc1ebb91e0c602abf1b6834d17158b1f",
                "sha256:ec883b8e44d877bda6f94a36313a1c6063f8b1997aa091628ae2f34c7f97c8d5",
                "sha256:f1baa54d50ec031d1a9beb89974108f8f2c0706f49798f4777df879df0e1adb6",
                "sha256:f53a5385932cda1e2c862d89460992911a89768c65d176ff8c50cddca4d29bed"
            ],
            "index": "pypi",
            "version": "==6.2.0"
        },
        "pyasn1": {
            "hashes": [
                "sha256:62cdade8b5530f0b185e09855dd422bc05c0bbff6b72ff61381c09dac7befd8c",
                "sha256:a9495356ca1d66ed197a0f72b41eb1823cf7ea8b5bd07191673e8147aecf8604"
            ],
            "version": "==0.4.7"
        },
        "pycparser": {
            "hashes": [
                "sha256:a988718abfad80b6b157acce7bf130a30876d27603738ac39f140993246b25b3"
            ],
            "version": "==2.19"
        },
        "pymysql": {
            "hashes": [
                "sha256:04fa19fad017fdb21394fad2878c1d6bd346959d4fbfd1b66050a09fc636a321",
                "sha256:32da4a66397077d42908e449688f2ec71c2b18892a6cd04f03ab2aa828a70f40"
            ],
            "index": "pypi",
            "version": "==0.8"
        },
        "qrcode": {
            "hashes": [
                "sha256:037b0db4c93f44586e37f84c3da3f763874fcac85b2974a69a98e399ac78e1bf",
                "sha256:de4ffc15065e6ff20a551ad32b6b41264f3c75275675406ddfa8e3530d154be3"
            ],
            "index": "pypi",
            "version": "==6.0"
        },
        "redis": {
            "hashes": [
                "sha256:573a02d457d3eab51d6d849dead1a0fe220cfb129b3bb1579f28c46a6544beb5"
            ],
            "index": "pypi",
            "version": "==2.10.0"
        },
        "requests": {
            "hashes": [
                "sha256:5e88d64aa56ac0fda54e77fb9762ebc65879e171b746d5479a33c4082519d6c6",
                "sha256:cd0189f962787284bff715fddaad478eb4d9c15aa167bd64e52ea0f661e7ea5c"
            ],
            "index": "pypi",
            "version": "==2.18"
        },
        "rq": {
            "hashes": [
                "sha256:31a5f04d1410111617ae78756b86fc6b0cf300fe7445843ea3758b86d9f67bc5",
                "sha256:c1711bc43f298061166805763e6fa2353f03142e057e83f338d6e197a1be3157"
            ],
            "index": "pypi",
            "version": "==0.10"
        },
        "rsa": {
            "hashes": [
                "sha256:0c7fde631f84f89e89ec671a9c58feb01ea25fab177dca08ba08650c548d48d5",
                "sha256:9f1b6d4015cdf788273ff329d43004a7abf43971e9b06160765bad5227e4d70a"
            ],
            "index": "pypi",
            "version": "==3.4"
        },
        "six": {
            "hashes": [
                "sha256:3350809f0555b11f552448330d0b52d5f24c91a322ea4a15ef22629740f3761c",
                "sha256:d16a0141ec1a18405cd4ce8b4613101da75da0e9a7aec5bdd4fa804d0e0eba73"
            ],
            "version": "==1.12.0"
        },
        "tornado": {
            "hashes": [
                "sha256:4b6a623a28307c5d5d64b34ed7c84f2bfcc6848fd71546bb8bc03dd82b71ad04",
                "sha256:54a568429fb77529622a4607c66f9144aa980bd4fe2326206672707eba6951fc",
                "sha256:62f754562c61ea94b00d61727202105068bc2760f076cc34d2da1a57041731aa",
                "sha256:6b56415667b1ad4f222486baa7118d5445310fd9b99a2263e029bc63df6e2e80",
                "sha256:f112ae0b50d2080995afab36aca4fcd93af1fa2e7185b15d854b0d6b2578dce4"
            ],
            "index": "pypi",
            "version": "==5.0"
        },
        "urllib3": {
            "hashes": [
                "sha256:8ed6d5c1ff9d6ba84677310060d6a3a78ca3072ce0684cb3c645023009c114b1",
                "sha256:b14486978518ca0901a76ba973d7821047409d7f726f22156b24e83fd71382a5"
            ],
            "version": "==1.21.1"
        },
        "xlrd": {
            "hashes": [
                "sha256:83a1d2f1091078fb3f65876753b5302c5cfb6a41de64b9587b74cefa75157148",
                "sha256:8a21885513e6d915fe33a8ee5fdfa675433b61405ba13e2a69e62ee36828d7e2"
            ],
            "index": "pypi",
            "version": "==1.1"
        },
        "xlwt": {
            "hashes": [
                "sha256:a082260524678ba48a297d922cc385f58278b8aa68741596a87de01a9c628b2e",
                "sha256:c59912717a9b28f1a3c2a98fd60741014b06b043936dcecbc113eaaada156c88"
            ],
            "index": "pypi",
            "version": "==1.3"
        }
    },
    "develop": {}
}
